
Microsoft Visual Studio Solution File, Format Version 12.00
# Visual Studio 14
VisualStudioVersion = 14.0.23107.0
MinimumVisualStudioVersion = 10.0.40219.1
Project("{2150E333-8FDC-42A3-9474-1A3956D46DE8}") = "src", "src", "{91E924F3-5F88-4E05-B923-C410FD452F9B}"
EndProject
Project("{2150E333-8FDC-42A3-9474-1A3956D46DE8}") = "Solution Items", "Solution Items", "{4AFD7BEF-910C-4FFE-A113-34E4A472D814}"
	ProjectSection(SolutionItems) = preProject
		global.json = global.json
	EndProjectSection
EndProject
Project("{8BB2217D-0F2D-49D1-97BC-3654ED321F3B}") = "VideoPlayer", "src\VideoPlayer\VideoPlayer.xproj", "{78EF69BF-1F54-4C74-B035-8F7BDF182BC3}"
EndProject
Global
	GlobalSection(SolutionConfigurationPlatforms) = preSolution
		Debug|Any CPU = Debug|Any CPU
		Release|Any CPU = Release|Any CPU
	EndGlobalSection
	GlobalSection(ProjectConfigurationPlatforms) = postSolution
		{78EF69BF-1F54-4C74-B035-8F7BDF182BC3}.Debug|Any CPU.ActiveCfg = Debug|Any CPU
		{78EF69BF-1F54-4C74-B035-8F7BDF182BC3}.Debug|Any CPU.Build.0 = Debug|Any CPU
		{78EF69BF-1F54-4C74-B035-8F7BDF182BC3}.Release|Any CPU.ActiveCfg = Release|Any CPU
		{78EF69BF-1F54-4C74-B035-8F7BDF182BC3}.Release|Any CPU.Build.0 = Release|Any CPU
	EndGlobalSection
	GlobalSection(SolutionProperties) = preSolution
		HideSolutionNode = FALSE
	EndGlobalSection
	GlobalSection(NestedProjects) = preSolution
		{78EF69BF-1F54-4C74-B035-8F7BDF182BC3} = {91E924F3-5F88-4E05-B923-C410FD452F9B}
	EndGlobalSection
EndGlobal
